
Microsoft Visual Studio Solution File, Format Version 12.00
# Visual Studio Version 17
VisualStudioVersion = 17.9.34622.214
MinimumVisualStudioVersion = 10.0.40219.1
Project("{FAE04EC0-301F-11D3-BF4B-00C04F79EFBC}") = "Lab05_daea_6C24B", "Lab05_daea_6C24B\Lab05_daea_6C24B.csproj", "{A6B4D2D1-83CF-486E-BD8C-0AEFFB0A53D1}"
EndProject
Global
	GlobalSection(SolutionConfigurationPlatforms) = preSolution
		Debug|Any CPU = Debug|Any CPU
		Release|Any CPU = Release|Any CPU
	EndGlobalSection
	GlobalSection(ProjectConfigurationPlatforms) = postSolution
		{A6B4D2D1-83CF-486E-BD8C-0AEFFB0A53D1}.Debug|Any CPU.ActiveCfg = Debug|Any CPU
		{A6B4D2D1-83CF-486E-BD8C-0AEFFB0A53D1}.Debug|Any CPU.Build.0 = Debug|Any CPU
		{A6B4D2D1-83CF-486E-BD8C-0AEFFB0A53D1}.Release|Any CPU.ActiveCfg = Release|Any CPU
		{A6B4D2D1-83CF-486E-BD8C-0AEFFB0A53D1}.Release|Any CPU.Build.0 = Release|Any CPU
	EndGlobalSection
	GlobalSection(SolutionProperties) = preSolution
		HideSolutionNode = FALSE
	EndGlobalSection
	GlobalSection(ExtensibilityGlobals) = postSolution
		SolutionGuid = {DAB4FDA1-7FEE-406D-9980-01CEEB32E202}
	EndGlobalSection
EndGlobal
